// !$*UTF8*$!
{
	archiveVersion = 1;
	classes = {
	};
	objectVersion = 77;
	objects = {

/* Begin PBXBuildFile section */
		80471FB52FB6F73F00F1C316 /* Fastfile in Resources */ = {isa = PBXBuildFile; fileRef = 80471FB32FB6F73F00F1C316 /* Fastfile */; };
		80471FB62FB6F73F00F1C316 /* Appfile in Resources */ = {isa = PBXBuildFile; fileRef = 80471FB22FB6F73F00F1C316 /* Appfile */; };
		80471FB72FB6F73F00F1C316 /* Fastfile in Resources */ = {isa = PBXBuildFile; fileRef = 80471FB32FB6F73F00F1C316 /* Fastfile */; };
		80471FB82FB6F73F00F1C316 /* Appfile in Resources */ = {isa = PBXBuildFile; fileRef = 80471FB22FB6F73F00F1C316 /* Appfile */; };
		80471FBA2FB6F8A100F1C316 /* GoogleService-Info.plist in Resources */ = {isa = PBXBuildFile; fileRef = 80471FB92FB6F8A100F1C316 /* GoogleService-Info.plist */; };
		80471FBB2FB6F8A100F1C316 /* GoogleService-Info.plist in Resources */ = {isa = PBXBuildFile; fileRef = 80471FB92FB6F8A100F1C316 /* GoogleService-Info.plist */; };
		804720182FB99FC300F1C316 /* Pluginfile in Resources */ = {isa = PBXBuildFile; fileRef = 804720172FB99FC300F1C316 /* Pluginfile */; };
		804720192FB99FC300F1C316 /* Matchfile in Resources */ = {isa = PBXBuildFile; fileRef = 804720162FB99FC300F1C316 /* Matchfile */; };
		8047201A2FB99FC300F1C316 /* Pluginfile in Resources */ = {isa = PBXBuildFile; fileRef = 804720172FB99FC300F1C316 /* Pluginfile */; };
		8047201B2FB99FC300F1C316 /* Matchfile in Resources */ = {isa = PBXBuildFile; fileRef = 804720162FB99FC300F1C316 /* Matchfile */; };
		8047201C2FB99FC300F1C316 /* Pluginfile in Resources */ = {isa = PBXBuildFile; fileRef = 804720172FB99FC300F1C316 /* Pluginfile */; };
		8047201D2FB99FC300F1C316 /* Matchfile in Resources */ = {isa = PBXBuildFile; fileRef = 804720162FB99FC300F1C316 /* Matchfile */; };
		8047205C2FB9D57C00F1C316 /* ios.yml in Resources */ = {isa = PBXBuildFile; fileRef = 8047205A2FB9D57C00F1C316 /* ios.yml */; };
		8047205D2FB9D57C00F1C316 /* ios.yml in Resources */ = {isa = PBXBuildFile; fileRef = 8047205A2FB9D57C00F1C316 /* ios.yml */; };
		8047205E2FB9D57C00F1C316 /* ios.yml in Resources */ = {isa = PBXBuildFile; fileRef = 8047205A2FB9D57C00F1C316 /* ios.yml */; };
		80C960A32DC118030062250C /* ApexPredators StickerPackExtension.appex in Embed Foundation Extensions */ = {isa = PBXBuildFile; fileRef = 80C960A22DC118030062250C /* ApexPredators StickerPackExtension.appex */; settings = {ATTRIBUTES = (RemoveHeadersOnCopy, ); }; };
		80C960A72DC118030062250C /* Stickers.xcstickers in Resources */ = {isa = PBXBuildFile; fileRef = 80C960A62DC118030062250C /* Stickers.xcstickers */; };
		80C960A82DC118030062250C /* Stickers.xcstickers in Resources */ = {isa = PBXBuildFile; fileRef = 80C960A62DC118030062250C /* Stickers.xcstickers */; };
/* End PBXBuildFile section */

/* Begin PBXContainerItemProxy section */
		80471E5B2FA7610000F1C316 /* PBXContainerItemProxy */ = {
			isa = PBXContainerItemProxy;
			containerPortal = 80C95FFC2DB919D90062250C /* Project object */;
			proxyType = 1;
			remoteGlobalIDString = 80C960032DB919D90062250C;
			remoteInfo = "JDApex Predators";
		};
		80C960A42DC118030062250C /* PBXContainerItemProxy */ = {
			isa = PBXContainerItemProxy;
			containerPortal = 80C95FFC2DB919D90062250C /* Project object */;
			proxyType = 1;
			remoteGlobalIDString = 80C960A12DC118030062250C;
			remoteInfo = "ApexPredators StickerPackExtension";
		};
/* End PBXContainerItemProxy section */

/* Begin PBXCopyFilesBuildPhase section */
		80C960AC2DC118030062250C /* Embed Foundation Extensions */ = {
			isa = PBXCopyFilesBuildPhase;
			buildActionMask = 2147483647;
			dstPath = "";
			dstSubfolderSpec = 13;
			files = (
				80C960A32DC118030062250C /* ApexPredators StickerPackExtension.appex in Embed Foundation Extensions */,
			);
			name = "Embed Foundation Extensions";
			runOnlyForDeploymentPostprocessing = 0;
		};
/* End PBXCopyFilesBuildPhase section */

/* Begin PBXFileReference section */
		80471E572FA7610000F1C316 /* JDApex_PredatorsTests.xctest */ = {isa = PBXFileReference; explicitFileType = wrapper.cfbundle; includeInIndex = 0; path = JDApex_PredatorsTests.xctest; sourceTree = BUILT_PRODUCTS_DIR; };
		80471E602FA87D8100F1C316 /* JDApex_Predators.xctestplan */ = {isa = PBXFileReference; lastKnownFileType = text; name = JDApex_Predators.xctestplan; path = ../JDApex_Predators.xctestplan; sourceTree = "<group>"; };
		80471FB22FB6F73F00F1C316 /* Appfile */ = {isa = PBXFileReference; lastKnownFileType = text; path = Appfile; sourceTree = "<group>"; };
		80471FB32FB6F73F00F1C316 /* Fastfile */ = {isa = PBXFileReference; lastKnownFileType = text; path = Fastfile; sourceTree = "<group>"; };
		80471FB92FB6F8A100F1C316 /* GoogleService-Info.plist */ = {isa = PBXFileReference; lastKnownFileType = text.plist.xml; path = "GoogleService-Info.plist"; sourceTree = "<group>"; };
		804720162FB99FC300F1C316 /* Matchfile */ = {isa = PBXFileReference; lastKnownFileType = text; path = Matchfile; sourceTree = "<group>"; };
		804720172FB99FC300F1C316 /* Pluginfile */ = {isa = PBXFileReference; lastKnownFileType = text; path = Pluginfile; sourceTree = "<group>"; };
		8047205A2FB9D57C00F1C316 /* ios.yml */ = {isa = PBXFileReference; lastKnownFileType = text.yaml; path = ios.yml; sourceTree = "<group>"; };
		80C960042DB919D90062250C /* JDApex Predators.app */ = {isa = PBXFileReference; explicitFileType = wrapper.application; includeInIndex = 0; path = "JDApex Predators.app"; sourceTree = BUILT_PRODUCTS_DIR; };
		80C9609F2DC118030062250C /* ApexPredators.app */ = {isa = PBXFileReference; explicitFileType = wrapper.application; includeInIndex = 0; path = ApexPredators.app; sourceTree = BUILT_PRODUCTS_DIR; };
		80C960A22DC118030062250C /* ApexPredators StickerPackExtension.appex */ = {isa = PBXFileReference; explicitFileType = "wrapper.app-extension"; includeInIndex = 0; path = "ApexPredators StickerPackExtension.appex"; sourceTree = BUILT_PRODUCTS_DIR; };
		80C960A62DC118030062250C /* Stickers.xcstickers */ = {isa = PBXFileReference; lastKnownFileType = folder.stickers; name = Stickers.xcstickers; path = "ApexPredators StickerPackExtension/Stickers.xcstickers"; sourceTree = "<group>"; };
/* End PBXFileReference section */

/* Begin PBXFileSystemSynchronizedRootGroup section */
		80471E582FA7610000F1C316 /* JDApex_PredatorsTests */ = {
			isa = PBXFileSystemSynchronizedRootGroup;
			path = JDApex_PredatorsTests;
			sourceTree = "<group>";
		};
		80C9605C2DB91CA80062250C /* JDApex Predators */ = {
			isa = PBXFileSystemSynchronizedRootGroup;
			path = "JDApex Predators";
			sourceTree = "<group>";
		};
/* End PBXFileSystemSynchronizedRootGroup section */

/* Begin PBXFrameworksBuildPhase section */
		80471E542FA7610000F1C316 /* Frameworks */ = {
			isa = PBXFrameworksBuildPhase;
			buildActionMask = 2147483647;
			files = (
			);
			runOnlyForDeploymentPostprocessing = 0;
		};
		80C960012DB919D90062250C /* Frameworks */ = {
			isa = PBXFrameworksBuildPhase;
			buildActionMask = 2147483647;
			files = (
			);
			runOnlyForDeploymentPostprocessing = 0;
		};
/* End PBXFrameworksBuildPhase section */

/* Begin PBXGroup section */
		80471FB42FB6F73F00F1C316 /* fastlane */ = {
			isa = PBXGroup;
			children = (
				804720162FB99FC300F1C316 /* Matchfile */,
				804720172FB99FC300F1C316 /* Pluginfile */,
				80471FB22FB6F73F00F1C316 /* Appfile */,
				80471FB32FB6F73F00F1C316 /* Fastfile */,
			);
			path = fastlane;
			sourceTree = "<group>";
		};
		8047205B2FB9D57C00F1C316 /* workflows */ = {
			isa = PBXGroup;
			children = (
				8047205A2FB9D57C00F1C316 /* ios.yml */,
			);
			path = workflows;
			sourceTree = "<group>";
		};
		80C95FFB2DB919D90062250C = {
			isa = PBXGroup;
			children = (
				8047205B2FB9D57C00F1C316 /* workflows */,
				80471FB92FB6F8A100F1C316 /* GoogleService-Info.plist */,
				80471FB42FB6F73F00F1C316 /* fastlane */,
				80471E602FA87D8100F1C316 /* JDApex_Predators.xctestplan */,
				80C960A62DC118030062250C /* Stickers.xcstickers */,
				80C9605C2DB91CA80062250C /* JDApex Predators */,
				80471E582FA7610000F1C316 /* JDApex_PredatorsTests */,
				80C960052DB919D90062250C /* Products */,
			);
			sourceTree = "<group>";
		};
		80C960052DB919D90062250C /* Products */ = {
			isa = PBXGroup;
			children = (
				80C960042DB919D90062250C /* JDApex Predators.app */,
				80C9609F2DC118030062250C /* ApexPredators.app */,
				80C960A22DC118030062250C /* ApexPredators StickerPackExtension.appex */,
				80471E572FA7610000F1C316 /* JDApex_PredatorsTests.xctest */,
			);
			name = Products;
			sourceTree = "<group>";
		};
/* End PBXGroup section */

/* Begin PBXNativeTarget section */
		80471E562FA7610000F1C316 /* JDApex_PredatorsTests */ = {
			isa = PBXNativeTarget;
			buildConfigurationList = 80471E5F2FA7610000F1C316 /* Build configuration list for PBXNativeTarget "JDApex_PredatorsTests" */;
			buildPhases = (
				80471E532FA7610000F1C316 /* Sources */,
				80471E542FA7610000F1C316 /* Frameworks */,
				80471E552FA7610000F1C316 /* Resources */,
			);
			buildRules = (
			);
			dependencies = (
				80471E5C2FA7610000F1C316 /* PBXTargetDependency */,
			);
			fileSystemSynchronizedGroups = (
				80471E582FA7610000F1C316 /* JDApex_PredatorsTests */,
			);
			name = JDApex_PredatorsTests;
			packageProductDependencies = (
			);
			productName = JDApex_PredatorsTests;
			productReference = 80471E572FA7610000F1C316 /* JDApex_PredatorsTests.xctest */;
			productType = "com.apple.product-type.bundle.unit-test";
		};
		80C960032DB919D90062250C /* JDApex Predators */ = {
			isa = PBXNativeTarget;
			buildConfigurationList = 80C960282DB919DB0062250C /* Build configuration list for PBXNativeTarget "JDApex Predators" */;
			buildPhases = (
				80C960002DB919D90062250C /* Sources */,
				80C960012DB919D90062250C /* Frameworks */,
				80C960022DB919D90062250C /* Resources */,
			);
			buildRules = (
			);
			dependencies = (
			);
			fileSystemSynchronizedGroups = (
				80C9605C2DB91CA80062250C /* JDApex Predators */,
			);
			name = "JDApex Predators";
			packageProductDependencies = (
			);
			productName = "JDApex Predators";
			productReference = 80C960042DB919D90062250C /* JDApex Predators.app */;
			productType = "com.apple.product-type.application";
		};
		80C9609E2DC118030062250C /* ApexPredators */ = {
			isa = PBXNativeTarget;
			buildConfigurationList = 80C960AD2DC118030062250C /* Build configuration list for PBXNativeTarget "ApexPredators" */;
			buildPhases = (
				80C9609D2DC118030062250C /* Resources */,
				80C960AC2DC118030062250C /* Embed Foundation Extensions */,
			);
			buildRules = (
			);
			dependencies = (
				80C960A52DC118030062250C /* PBXTargetDependency */,
			);
			name = ApexPredators;
			packageProductDependencies = (
			);
			productName = ApexPredators;
			productReference = 80C9609F2DC118030062250C /* ApexPredators.app */;
			productType = "com.apple.product-type.application.messages";
		};
		80C960A12DC118030062250C /* ApexPredators StickerPackExtension */ = {
			isa = PBXNativeTarget;
			buildConfigurationList = 80C960A92DC118030062250C /* Build configuration list for PBXNativeTarget "ApexPredators StickerPackExtension" */;
			buildPhases = (
				80C960A02DC118030062250C /* Resources */,
			);
			buildRules = (
			);
			dependencies = (
			);
			name = "ApexPredators StickerPackExtension";
			packageProductDependencies = (
			);
			productName = "ApexPredators StickerPackExtension";
			productReference = 80C960A22DC118030062250C /* ApexPredators StickerPackExtension.appex */;
			productType = "com.apple.product-type.app-extension.messages-sticker-pack";
		};
/* End PBXNativeTarget section */

/* Begin PBXProject section */
		80C95FFC2DB919D90062250C /* Project object */ = {
			isa = PBXProject;
			attributes = {
				BuildIndependentTargetsInParallel = 1;
				LastSwiftUpdateCheck = 2630;
				LastUpgradeCheck = 1620;
				TargetAttributes = {
					80471E562FA7610000F1C316 = {
						CreatedOnToolsVersion = 26.3;
						TestTargetID = 80C960032DB919D90062250C;
					};
					80C960032DB919D90062250C = {
						CreatedOnToolsVersion = 16.2;
					};
					80C9609E2DC118030062250C = {
						CreatedOnToolsVersion = 16.2;
					};
					80C960A12DC118030062250C = {
						CreatedOnToolsVersion = 16.2;
					};
				};
			};
			buildConfigurationList = 80C95FFF2DB919D90062250C /* Build configuration list for PBXProject "JDApex Predators" */;
			developmentRegion = en;
			hasScannedForEncodings = 0;
			knownRegions = (
				en,
				Base,
			);
			mainGroup = 80C95FFB2DB919D90062250C;
			minimizedProjectReferenceProxies = 1;
			preferredProjectObjectVersion = 77;
			productRefGroup = 80C960052DB919D90062250C /* Products */;
			projectDirPath = "";
			projectRoot = "";
			targets = (
				80C960032DB919D90062250C /* JDApex Predators */,
				80C9609E2DC118030062250C /* ApexPredators */,
				80C960A12DC118030062250C /* ApexPredators StickerPackExtension */,
				80471E562FA7610000F1C316 /* JDApex_PredatorsTests */,
			);
		};
/* End PBXProject section */

/* Begin PBXResourcesBuildPhase section */
		80471E552FA7610000F1C316 /* Resources */ = {
			isa = PBXResourcesBuildPhase;
			buildActionMask = 2147483647;
			files = (
			);
			runOnlyForDeploymentPostprocessing = 0;
		};
		80C960022DB919D90062250C /* Resources */ = {
			isa = PBXResourcesBuildPhase;
			buildActionMask = 2147483647;
			files = (
				8047201C2FB99FC300F1C316 /* Pluginfile in Resources */,
				8047201D2FB99FC300F1C316 /* Matchfile in Resources */,
				8047205D2FB9D57C00F1C316 /* ios.yml in Resources */,
			);
			runOnlyForDeploymentPostprocessing = 0;
		};
		80C9609D2DC118030062250C /* Resources */ = {
			isa = PBXResourcesBuildPhase;
			buildActionMask = 2147483647;
			files = (
				8047201A2FB99FC300F1C316 /* Pluginfile in Resources */,
				8047201B2FB99FC300F1C316 /* Matchfile in Resources */,
				80471FB72FB6F73F00F1C316 /* Fastfile in Resources */,
				80471FBB2FB6F8A100F1C316 /* GoogleService-Info.plist in Resources */,
				80471FB82FB6F73F00F1C316 /* Appfile in Resources */,
				80C960A82DC118030062250C /* Stickers.xcstickers in Resources */,
				8047205E2FB9D57C00F1C316 /* ios.yml in Resources */,
			);
			runOnlyForDeploymentPostprocessing = 0;
		};
		80C960A02DC118030062250C /* Resources */ = {
			isa = PBXResourcesBuildPhase;
			buildActionMask = 2147483647;
			files = (
				804720182FB99FC300F1C316 /* Pluginfile in Resources */,
				804720192FB99FC300F1C316 /* Matchfile in Resources */,
				80471FB52FB6F73F00F1C316 /* Fastfile in Resources */,
				80471FBA2FB6F8A100F1C316 /* GoogleService-Info.plist in Resources */,
				80471FB62FB6F73F00F1C316 /* Appfile in Resources */,
				80C960A72DC118030062250C /* Stickers.xcstickers in Resources */,
				8047205C2FB9D57C00F1C316 /* ios.yml in Resources */,
			);
			runOnlyForDeploymentPostprocessing = 0;
		};
/* End PBXResourcesBuildPhase section */

/* Begin PBXSourcesBuildPhase section */
		80471E532FA7610000F1C316 /* Sources */ = {
			isa = PBXSourcesBuildPhase;
			buildActionMask = 2147483647;
			files = (
			);
			runOnlyForDeploymentPostprocessing = 0;
		};
		80C960002DB919D90062250C /* Sources */ = {
			isa = PBXSourcesBuildPhase;
			buildActionMask = 2147483647;
			files = (
			);
			runOnlyForDeploymentPostprocessing = 0;
		};
/* End PBXSourcesBuildPhase section */

/* Begin PBXTargetDependency section */
		80471E5C2FA7610000F1C316 /* PBXTargetDependency */ = {
			isa = PBXTargetDependency;
			target = 80C960032DB919D90062250C /* JDApex Predators */;
			targetProxy = 80471E5B2FA7610000F1C316 /* PBXContainerItemProxy */;
		};
		80C960A52DC118030062250C /* PBXTargetDependency */ = {
			isa = PBXTargetDependency;
			target = 80C960A12DC118030062250C /* ApexPredators StickerPackExtension */;
			targetProxy = 80C960A42DC118030062250C /* PBXContainerItemProxy */;
		};
/* End PBXTargetDependency section */

/* Begin XCBuildConfiguration section */
		80471E5D2FA7610000F1C316 /* Debug */ = {
			isa = XCBuildConfiguration;
			buildSettings = {
				BUNDLE_LOADER = "$(TEST_HOST)";
				CODE_SIGN_STYLE = Automatic;
				CURRENT_PROJECT_VERSION = 4;
				DEVELOPMENT_TEAM = 8974N94N73;
				GENERATE_INFOPLIST_FILE = YES;
				IPHONEOS_DEPLOYMENT_TARGET = 26.2;
				MARKETING_VERSION = 1.0;
				PRODUCT_BUNDLE_IDENTIFIER = "com.jyotsna.JDApex-PredatorsTests";
				PRODUCT_NAME = "$(TARGET_NAME)";
				STRING_CATALOG_GENERATE_SYMBOLS = NO;
				SWIFT_APPROACHABLE_CONCURRENCY = YES;
				SWIFT_EMIT_LOC_STRINGS = NO;
				SWIFT_UPCOMING_FEATURE_MEMBER_IMPORT_VISIBILITY = YES;
				SWIFT_VERSION = 5.0;
				TARGETED_DEVICE_FAMILY = "1,2";
				TEST_HOST = "$(BUILT_PRODUCTS_DIR)/JDApex Predators.app/$(BUNDLE_EXECUTABLE_FOLDER_PATH)/JDApex Predators";
			};
			name = Debug;
		};
		80471E5E2FA7610000F1C316 /* Release */ = {
			isa = XCBuildConfiguration;
			buildSettings = {
				BUNDLE_LOADER = "$(TEST_HOST)";
				CODE_SIGN_STYLE = Automatic;
				CURRENT_PROJECT_VERSION = 4;
				DEVELOPMENT_TEAM = 8974N94N73;
				GENERATE_INFOPLIST_FILE = YES;
				IPHONEOS_DEPLOYMENT_TARGET = 26.2;
				MARKETING_VERSION = 1.0;
				PRODUCT_BUNDLE_IDENTIFIER = "com.jyotsna.JDApex-PredatorsTests";
				PRODUCT_NAME = "$(TARGET_NAME)";
				STRING_CATALOG_GENERATE_SYMBOLS = NO;
				SWIFT_APPROACHABLE_CONCURRENCY = YES;
				SWIFT_EMIT_LOC_STRINGS = NO;
				SWIFT_UPCOMING_FEATURE_MEMBER_IMPORT_VISIBILITY = YES;
				SWIFT_VERSION = 5.0;
				TARGETED_DEVICE_FAMILY = "1,2";
				TEST_HOST = "$(BUILT_PRODUCTS_DIR)/JDApex Predators.app/$(BUNDLE_EXECUTABLE_FOLDER_PATH)/JDApex Predators";
			};
			name = Release;
		};
		80C960262DB919DB0062250C /* Debug */ = {
			isa = XCBuildConfiguration;
			buildSettings = {
				ALWAYS_SEARCH_USER_PATHS = NO;
				ASSETCATALOG_COMPILER_GENERATE_SWIFT_ASSET_SYMBOL_EXTENSIONS = YES;
				CLANG_ANALYZER_NONNULL = YES;
				CLANG_ANALYZER_NUMBER_OBJECT_CONVERSION = YES_AGGRESSIVE;
				CLANG_CXX_LANGUAGE_STANDARD = "gnu++20";
				CLANG_ENABLE_MODULES = YES;
				CLANG_ENABLE_OBJC_ARC = YES;
				CLANG_ENABLE_OBJC_WEAK = YES;
				CLANG_WARN_BLOCK_CAPTURE_AUTORELEASING = YES;
				CLANG_WARN_BOOL_CONVERSION = YES;
				CLANG_WARN_COMMA = YES;
				CLANG_WARN_CONSTANT_CONVERSION = YES;
				CLANG_WARN_DEPRECATED_OBJC_IMPLEMENTATIONS = YES;
				CLANG_WARN_DIRECT_OBJC_ISA_USAGE = YES_ERROR;
				CLANG_WARN_DOCUMENTATION_COMMENTS = YES;
				CLANG_WARN_EMPTY_BODY = YES;
				CLANG_WARN_ENUM_CONVERSION = YES;
				CLANG_WARN_INFINITE_RECURSION = YES;
				CLANG_WARN_INT_CONVERSION = YES;
				CLANG_WARN_NON_LITERAL_NULL_CONVERSION = YES;
				CLANG_WARN_OBJC_IMPLICIT_RETAIN_SELF = YES;
				CLANG_WARN_OBJC_LITERAL_CONVERSION = YES;
				CLANG_WARN_OBJC_ROOT_CLASS = YES_ERROR;
				CLANG_WARN_QUOTED_INCLUDE_IN_FRAMEWORK_HEADER = YES;
				CLANG_WARN_RANGE_LOOP_ANALYSIS = YES;
				CLANG_WARN_STRICT_PROTOTYPES = YES;
				CLANG_WARN_SUSPICIOUS_MOVE = YES;
				CLANG_WARN_UNGUARDED_AVAILABILITY = YES_AGGRESSIVE;
				CLANG_WARN_UNREACHABLE_CODE = YES;
				CLANG_WARN__DUPLICATE_METHOD_MATCH = YES;
				COPY_PHASE_STRIP = NO;
				DEBUG_INFORMATION_FORMAT = dwarf;
				ENABLE_STRICT_OBJC_MSGSEND = YES;
				ENABLE_TESTABILITY = YES;
				ENABLE_USER_SCRIPT_SANDBOXING = YES;
				GCC_C_LANGUAGE_STANDARD = gnu17;
				GCC_DYNAMIC_NO_PIC = NO;
				GCC_NO_COMMON_BLOCKS = YES;
				GCC_OPTIMIZATION_LEVEL = 0;
				GCC_PREPROCESSOR_DEFINITIONS = (
					"DEBUG=1",
					"$(inherited)",
				);
				GCC_WARN_64_TO_32_BIT_CONVERSION = YES;
				GCC_WARN_ABOUT_RETURN_TYPE = YES_ERROR;
				GCC_WARN_UNDECLARED_SELECTOR = YES;
				GCC_WARN_UNINITIALIZED_AUTOS = YES_AGGRESSIVE;
				GCC_WARN_UNUSED_FUNCTION = YES;
				GCC_WARN_UNUSED_VARIABLE = YES;
				IPHONEOS_DEPLOYMENT_TARGET = 18.2;
				LOCALIZATION_PREFERS_STRING_CATALOGS = YES;
				MTL_ENABLE_DEBUG_INFO = INCLUDE_SOURCE;
				MTL_FAST_MATH = YES;
				ONLY_ACTIVE_ARCH = YES;
				SDKROOT = iphoneos;
				SWIFT_ACTIVE_COMPILATION_CONDITIONS = "DEBUG $(inherited)";
				SWIFT_OPTIMIZATION_LEVEL = "-Onone";
			};
			name = Debug;
		};
		80C960272DB919DB0062250C /* Release */ = {
			isa = XCBuildConfiguration;
			buildSettings = {
				ALWAYS_SEARCH_USER_PATHS = NO;
				ASSETCATALOG_COMPILER_GENERATE_SWIFT_ASSET_SYMBOL_EXTENSIONS = YES;
				CLANG_ANALYZER_NONNULL = YES;
				CLANG_ANALYZER_NUMBER_OBJECT_CONVERSION = YES_AGGRESSIVE;
				CLANG_CXX_LANGUAGE_STANDARD = "gnu++20";
				CLANG_ENABLE_MODULES = YES;
				CLANG_ENABLE_OBJC_ARC = YES;
				CLANG_ENABLE_OBJC_WEAK = YES;
				CLANG_WARN_BLOCK_CAPTURE_AUTORELEASING = YES;
				CLANG_WARN_BOOL_CONVERSION = YES;
				CLANG_WARN_COMMA = YES;
				CLANG_WARN_CONSTANT_CONVERSION = YES;
				CLANG_WARN_DEPRECATED_OBJC_IMPLEMENTATIONS = YES;
				CLANG_WARN_DIRECT_OBJC_ISA_USAGE = YES_ERROR;
				CLANG_WARN_DOCUMENTATION_COMMENTS = YES;
				CLANG_WARN_EMPTY_BODY = YES;
				CLANG_WARN_ENUM_CONVERSION = YES;
				CLANG_WARN_INFINITE_RECURSION = YES;
				CLANG_WARN_INT_CONVERSION = YES;
				CLANG_WARN_NON_LITERAL_NULL_CONVERSION = YES;
				CLANG_WARN_OBJC_IMPLICIT_RETAIN_SELF = YES;
				CLANG_WARN_OBJC_LITERAL_CONVERSION = YES;
				CLANG_WARN_OBJC_ROOT_CLASS = YES_ERROR;
				CLANG_WARN_QUOTED_INCLUDE_IN_FRAMEWORK_HEADER = YES;
				CLANG_WARN_RANGE_LOOP_ANALYSIS = YES;
				CLANG_WARN_STRICT_PROTOTYPES = YES;
				CLANG_WARN_SUSPICIOUS_MOVE = YES;
				CLANG_WARN_UNGUARDED_AVAILABILITY = YES_AGGRESSIVE;
				CLANG_WARN_UNREACHABLE_CODE = YES;
				CLANG_WARN__DUPLICATE_METHOD_MATCH = YES;
				COPY_PHASE_STRIP = NO;
				DEBUG_INFORMATION_FORMAT = "dwarf-with-dsym";
				ENABLE_NS_ASSERTIONS = NO;
				ENABLE_STRICT_OBJC_MSGSEND = YES;
				ENABLE_USER_SCRIPT_SANDBOXING = YES;
				GCC_C_LANGUAGE_STANDARD = gnu17;
				GCC_NO_COMMON_BLOCKS = YES;
				GCC_WARN_64_TO_32_BIT_CONVERSION = YES;
				GCC_WARN_ABOUT_RETURN_TYPE = YES_ERROR;
				GCC_WARN_UNDECLARED_SELECTOR = YES;
				GCC_WARN_UNINITIALIZED_AUTOS = YES_AGGRESSIVE;
				GCC_WARN_UNUSED_FUNCTION = YES;
				GCC_WARN_UNUSED_VARIABLE = YES;
				IPHONEOS_DEPLOYMENT_TARGET = 18.2;
				LOCALIZATION_PREFERS_STRING_CATALOGS = YES;
				MTL_ENABLE_DEBUG_INFO = NO;
				MTL_FAST_MATH = YES;
				SDKROOT = iphoneos;
				SWIFT_COMPILATION_MODE = wholemodule;
				VALIDATE_PRODUCT = YES;
			};
			name = Release;
		};
		80C960292DB919DB0062250C /* Debug */ = {
			isa = XCBuildConfiguration;
			buildSettings = {
				ASSETCATALOG_COMPILER_APPICON_NAME = AppIcon;
				ASSETCATALOG_COMPILER_GLOBAL_ACCENT_COLOR_NAME = AccentColor;
				CODE_SIGN_STYLE = Automatic;
				CURRENT_PROJECT_VERSION = 4;
				DEVELOPMENT_ASSET_PATHS = "\"JDApex Predators/Preview Content\"";
				DEVELOPMENT_TEAM = 8974N94N73;
				ENABLE_PREVIEWS = YES;
				GENERATE_INFOPLIST_FILE = YES;
				INFOPLIST_KEY_CFBundleDisplayName = Dinosours;
				INFOPLIST_KEY_UIApplicationSceneManifest_Generation = YES;
				INFOPLIST_KEY_UIApplicationSupportsIndirectInputEvents = YES;
				INFOPLIST_KEY_UILaunchScreen_Generation = YES;
				INFOPLIST_KEY_UISupportedInterfaceOrientations_iPad = "UIInterfaceOrientationPortrait UIInterfaceOrientationPortraitUpsideDown UIInterfaceOrientationLandscapeLeft UIInterfaceOrientationLandscapeRight";
				INFOPLIST_KEY_UISupportedInterfaceOrientations_iPhone = "UIInterfaceOrientationPortrait UIInterfaceOrientationLandscapeLeft UIInterfaceOrientationLandscapeRight";
				LD_RUNPATH_SEARCH_PATHS = (
					"$(inherited)",
					"@executable_path/Frameworks",
				);
				MARKETING_VERSION = 1.0;
				PRODUCT_BUNDLE_IDENTIFIER = "com.jyotsna.JDApex-Predators";
				PRODUCT_NAME = "$(TARGET_NAME)";
				SWIFT_EMIT_LOC_STRINGS = YES;
				SWIFT_VERSION = 5.0;
				TARGETED_DEVICE_FAMILY = "1,2";
				VERSIONING_SYSTEM = "apple-generic";
			};
			name = Debug;
		};
		80C9602A2DB919DB0062250C /* Release */ = {
			isa = XCBuildConfiguration;
			buildSettings = {
				ASSETCATALOG_COMPILER_APPICON_NAME = AppIcon;
				ASSETCATALOG_COMPILER_GLOBAL_ACCENT_COLOR_NAME = AccentColor;
				CODE_SIGN_STYLE = Automatic;
				CURRENT_PROJECT_VERSION = 4;
				DEVELOPMENT_ASSET_PATHS = "\"JDApex Predators/Preview Content\"";
				DEVELOPMENT_TEAM = 8974N94N73;
				ENABLE_PREVIEWS = YES;
				GENERATE_INFOPLIST_FILE = YES;
				INFOPLIST_KEY_CFBundleDisplayName = Dinosours;
				INFOPLIST_KEY_UIApplicationSceneManifest_Generation = YES;
				INFOPLIST_KEY_UIApplicationSupportsIndirectInputEvents = YES;
				INFOPLIST_KEY_UILaunchScreen_Generation = YES;
				INFOPLIST_KEY_UISupportedInterfaceOrientations_iPad = "UIInterfaceOrientationPortrait UIInterfaceOrientationPortraitUpsideDown UIInterfaceOrientationLandscapeLeft UIInterfaceOrientationLandscapeRight";
				INFOPLIST_KEY_UISupportedInterfaceOrientations_iPhone = "UIInterfaceOrientationPortrait UIInterfaceOrientationLandscapeLeft UIInterfaceOrientationLandscapeRight";
				LD_RUNPATH_SEARCH_PATHS = (
					"$(inherited)",
					"@executable_path/Frameworks",
				);
				MARKETING_VERSION = 1.0;
				PRODUCT_BUNDLE_IDENTIFIER = "com.jyotsna.JDApex-Predators";
				PRODUCT_NAME = "$(TARGET_NAME)";
				SWIFT_EMIT_LOC_STRINGS = YES;
				SWIFT_VERSION = 5.0;
				TARGETED_DEVICE_FAMILY = "1,2";
				VERSIONING_SYSTEM = "apple-generic";
			};
			name = Release;
		};
		80C960AA2DC118030062250C /* Debug */ = {
			isa = XCBuildConfiguration;
			buildSettings = {
				ASSETCATALOG_COMPILER_APPICON_NAME = "iMessage App Icon";
				CODE_SIGN_STYLE = Automatic;
				CURRENT_PROJECT_VERSION = 4;
				DEVELOPMENT_TEAM = 8974N94N73;
				GENERATE_INFOPLIST_FILE = YES;
				INFOPLIST_FILE = "ApexPredators StickerPackExtension/Info.plist";
				INFOPLIST_KEY_NSStickerSharingLevel = OS;
				MARKETING_VERSION = 1.0;
				PRODUCT_BUNDLE_IDENTIFIER = com.jyotsna.ApexPredators.StickerPackExtension;
				PRODUCT_NAME = "$(TARGET_NAME)";
				SKIP_INSTALL = YES;
				SWIFT_EMIT_LOC_STRINGS = YES;
				TARGETED_DEVICE_FAMILY = "1,2";
			};
			name = Debug;
		};
		80C960AB2DC118030062250C /* Release */ = {
			isa = XCBuildConfiguration;
			buildSettings = {
				ASSETCATALOG_COMPILER_APPICON_NAME = "iMessage App Icon";
				CODE_SIGN_STYLE = Automatic;
				CURRENT_PROJECT_VERSION = 4;
				DEVELOPMENT_TEAM = 8974N94N73;
				GENERATE_INFOPLIST_FILE = YES;
				INFOPLIST_FILE = "ApexPredators StickerPackExtension/Info.plist";
				INFOPLIST_KEY_NSStickerSharingLevel = OS;
				MARKETING_VERSION = 1.0;
				PRODUCT_BUNDLE_IDENTIFIER = com.jyotsna.ApexPredators.StickerPackExtension;
				PRODUCT_NAME = "$(TARGET_NAME)";
				SKIP_INSTALL = YES;
				SWIFT_EMIT_LOC_STRINGS = YES;
				TARGETED_DEVICE_FAMILY = "1,2";
			};
			name = Release;
		};
		80C960AE2DC118030062250C /* Debug */ = {
			isa = XCBuildConfiguration;
			buildSettings = {
				ASSETCATALOG_COMPILER_APPICON_NAME = "iMessage App Icon";
				CODE_SIGN_STYLE = Automatic;
				CURRENT_PROJECT_VERSION = 4;
				DEVELOPMENT_TEAM = 8974N94N73;
				GENERATE_INFOPLIST_FILE = YES;
				INFOPLIST_FILE = ApexPredators/Info.plist;
				INFOPLIST_KEY_NSStickerSharingLevel = OS;
				MARKETING_VERSION = 1.0;
				PRODUCT_BUNDLE_IDENTIFIER = com.jyotsna.ApexPredators;
				PRODUCT_NAME = "$(TARGET_NAME)";
				SWIFT_EMIT_LOC_STRINGS = YES;
				TARGETED_DEVICE_FAMILY = "1,2";
			};
			name = Debug;
		};
		80C960AF2DC118030062250C /* Release */ = {
			isa = XCBuildConfiguration;
			buildSettings = {
				ASSETCATALOG_COMPILER_APPICON_NAME = "iMessage App Icon";
				CODE_SIGN_STYLE = Automatic;
				CURRENT_PROJECT_VERSION = 4;
				DEVELOPMENT_TEAM = 8974N94N73;
				GENERATE_INFOPLIST_FILE = YES;
				INFOPLIST_FILE = ApexPredators/Info.plist;
				INFOPLIST_KEY_NSStickerSharingLevel = OS;
				MARKETING_VERSION = 1.0;
				PRODUCT_BUNDLE_IDENTIFIER = com.jyotsna.ApexPredators;
				PRODUCT_NAME = "$(TARGET_NAME)";
				SWIFT_EMIT_LOC_STRINGS = YES;
				TARGETED_DEVICE_FAMILY = "1,2";
			};
			name = Release;
		};
/* End XCBuildConfiguration section */

/* Begin XCConfigurationList section */
		80471E5F2FA7610000F1C316 /* Build configuration list for PBXNativeTarget "JDApex_PredatorsTests" */ = {
			isa = XCConfigurationList;
			buildConfigurations = (
				80471E5D2FA7610000F1C316 /* Debug */,
				80471E5E2FA7610000F1C316 /* Release */,
			);
			defaultConfigurationIsVisible = 0;
			defaultConfigurationName = Release;
		};
		80C95FFF2DB919D90062250C /* Build configuration list for PBXProject "JDApex Predators" */ = {
			isa = XCConfigurationList;
			buildConfigurations = (
				80C960262DB919DB0062250C /* Debug */,
				80C960272DB919DB0062250C /* Release */,
			);
			defaultConfigurationIsVisible = 0;
			defaultConfigurationName = Release;
		};
		80C960282DB919DB0062250C /* Build configuration list for PBXNativeTarget "JDApex Predators" */ = {
			isa = XCConfigurationList;
			buildConfigurations = (
				80C960292DB919DB0062250C /* Debug */,
				80C9602A2DB919DB0062250C /* Release */,
			);
			defaultConfigurationIsVisible = 0;
			defaultConfigurationName = Release;
		};
		80C960A92DC118030062250C /* Build configuration list for PBXNativeTarget "ApexPredators StickerPackExtension" */ = {
			isa = XCConfigurationList;
			buildConfigurations = (
				80C960AA2DC118030062250C /* Debug */,
				80C960AB2DC118030062250C /* Release */,
			);
			defaultConfigurationIsVisible = 0;
			defaultConfigurationName = Release;
		};
		80C960AD2DC118030062250C /* Build configuration list for PBXNativeTarget "ApexPredators" */ = {
			isa = XCConfigurationList;
			buildConfigurations = (
				80C960AE2DC118030062250C /* Debug */,
				80C960AF2DC118030062250C /* Release */,
			);
			defaultConfigurationIsVisible = 0;
			defaultConfigurationName = Release;
		};
/* End XCConfigurationList section */
	};
	rootObject = 80C95FFC2DB919D90062250C /* Project object */;
}
